
Microsoft Visual Studio Solution File, Format Version 10.00
# Visual Studio 2008
Project("{8BC9CEB8-8B4A-11D0-8D11-00A0C91BC942}") = "mongodb_helloworld", "build\vs2008\mongodb_example.vcproj", "{24D49D1A-B199-410A-9558-B22271E0E827}"
EndProject
Global
	GlobalSection(SolutionConfigurationPlatforms) = preSolution
		Debug|Win32 = Debug|Win32
		Release|Win32 = Release|Win32
	EndGlobalSection
	GlobalSection(ProjectConfigurationPlatforms) = postSolution
		{24D49D1A-B199-410A-9558-B22271E0E827}.Debug|Win32.ActiveCfg = Debug|Win32
		{24D49D1A-B199-410A-9558-B22271E0E827}.Debug|Win32.Build.0 = Debug|Win32
		{24D49D1A-B199-410A-9558-B22271E0E827}.Release|Win32.ActiveCfg = Release|Win32
		{24D49D1A-B199-410A-9558-B22271E0E827}.Release|Win32.Build.0 = Release|Win32
	EndGlobalSection
	GlobalSection(SolutionProperties) = preSolution
		HideSolutionNode = FALSE
	EndGlobalSection
EndGlobal
